Microsoft Visual Studio Solution File, Format Version 11.00
# Visual Studio 2008

Project("{931D16CA-A2EB-11F3-5388-0E356CEFAE22}") = "CoreGame", "Assembly-CSharp.csproj", "{82D5B051-14D5-1807-B722-2802CDF0ED67}"
EndProject
Global
	GlobalSection(SolutionConfigurationPlatforms) = preSolution
		Debug|Any CPU = Debug|Any CPU
		Release|Any CPU = Release|Any CPU
	EndGlobalSection
	GlobalSection(ProjectConfigurationPlatforms) = postSolution
		{82D5B051-14D5-1807-B722-2802CDF0ED67}.Debug|Any CPU.ActiveCfg = Debug|Any CPU
		{82D5B051-14D5-1807-B722-2802CDF0ED67}.Debug|Any CPU.Build.0 = Debug|Any CPU
		{82D5B051-14D5-1807-B722-2802CDF0ED67}.Release|Any CPU.ActiveCfg = Release|Any CPU
		{82D5B051-14D5-1807-B722-2802CDF0ED67}.Release|Any CPU.Build.0 = Release|Any CPU
	EndGlobalSection
	GlobalSection(SolutionProperties) = preSolution
		HideSolutionNode = FALSE
	EndGlobalSection
	GlobalSection(MonoDevelopProperties) = preSolution
		StartupItem = Assembly-CSharp.csproj
	EndGlobalSection
EndGlobal
